// !$*UTF8*$!
{
	archiveVersion = 1;
	classes = {
	};
	objectVersion = 50;
	objects = {

/* Begin PBXBuildFile section */
		25044C9FDEDB8F5A0F5071FC /* Pods_newProj.framework in Frameworks */ = {isa = PBXBuildFile; fileRef = 8050594D1590106EE38C44DF /* Pods_newProj.framework */; };
		9E2D007226BAD0E4000D3781 /* GoogleService-Info.plist in Resources */ = {isa = PBXBuildFile; fileRef = 9E2D007126BAD0E4000D3781 /* GoogleService-Info.plist */; };
		9ED6B16C26B7CA7F009AD14C /* AppDelegate.swift in Sources */ = {isa = PBXBuildFile; fileRef = 9ED6B16B26B7CA7F009AD14C /* AppDelegate.swift */; };
		9ED6B16E26B7CA7F009AD14C /* SceneDelegate.swift in Sources */ = {isa = PBXBuildFile; fileRef = 9ED6B16D26B7CA7F009AD14C /* SceneDelegate.swift */; };
		9ED6B17026B7CA7F009AD14C /* ViewController.swift in Sources */ = {isa = PBXBuildFile; fileRef = 9ED6B16F26B7CA7F009AD14C /* ViewController.swift */; };
		9ED6B17326B7CA7F009AD14C /* Main.storyboard in Resources */ = {isa = PBXBuildFile; fileRef = 9ED6B17126B7CA7F009AD14C /* Main.storyboard */; };
		9ED6B17526B7CA81009AD14C /* Assets.xcassets in Resources */ = {isa = PBXBuildFile; fileRef = 9ED6B17426B7CA81009AD14C /* Assets.xcassets */; };
		9ED6B17826B7CA81009AD14C /* LaunchScreen.storyboard in Resources */ = {isa = PBXBuildFile; fileRef = 9ED6B17626B7CA81009AD14C /* LaunchScreen.storyboard */; };
		9ED6B18026B7DAAB009AD14C /* SignUpView.xib in Resources */ = {isa = PBXBuildFile; fileRef = 9ED6B17F26B7DAAB009AD14C /* SignUpView.xib */; };
		9ED6B18226B7DACA009AD14C /* SignUpView.swift in Sources */ = {isa = PBXBuildFile; fileRef = 9ED6B18126B7DACA009AD14C /* SignUpView.swift */; };
/* End PBXBuildFile section */

/* Begin PBXFileReference section */
		2390CAE6C55775E11249E2AC /* Pods-newProj.debug.xcconfig */ = {isa = PBXFileReference; includeInIndex = 1; lastKnownFileType = text.xcconfig; name = "Pods-newProj.debug.xcconfig"; path = "Target Support Files/Pods-newProj/Pods-newProj.debug.xcconfig"; sourceTree = "<group>"; };
		8050594D1590106EE38C44DF /* Pods_newProj.framework */ = {isa = PBXFileReference; explicitFileType = wrapper.framework; includeInIndex = 0; path = Pods_newProj.framework; sourceTree = BUILT_PRODUCTS_DIR; };
		9E2D007126BAD0E4000D3781 /* GoogleService-Info.plist */ = {isa = PBXFileReference; fileEncoding = 4; lastKnownFileType = text.plist.xml; path = "GoogleService-Info.plist"; sourceTree = "<group>"; };
		9ED6B16826B7CA7F009AD14C /* newProj.app */ = {isa = PBXFileReference; explicitFileType = wrapper.application; includeInIndex = 0; path = newProj.app; sourceTree = BUILT_PRODUCTS_DIR; };
		9ED6B16B26B7CA7F009AD14C /* AppDelegate.swift */ = {isa = PBXFileReference; lastKnownFileType = sourcecode.swift; path = AppDelegate.swift; sourceTree = "<group>"; };
		9ED6B16D26B7CA7F009AD14C /* SceneDelegate.swift */ = {isa = PBXFileReference; lastKnownFileType = sourcecode.swift; path = SceneDelegate.swift; sourceTree = "<group>"; };
		9ED6B16F26B7CA7F009AD14C /* ViewController.swift */ = {isa = PBXFileReference; lastKnownFileType = sourcecode.swift; path = ViewController.swift; sourceTree = "<group>"; };
		9ED6B17226B7CA7F009AD14C /* Base */ = {isa = PBXFileReference; lastKnownFileType = file.storyboard; name = Base; path = Base.lproj/Main.storyboard; sourceTree = "<group>"; };
		9ED6B17426B7CA81009AD14C /* Assets.xcassets */ = {isa = PBXFileReference; lastKnownFileType = folder.assetcatalog; path = Assets.xcassets; sourceTree = "<group>"; };
		9ED6B17726B7CA81009AD14C /* Base */ = {isa = PBXFileReference; lastKnownFileType = file.storyboard; name = Base; path = Base.lproj/LaunchScreen.storyboard; sourceTree = "<group>"; };
		9ED6B17926B7CA81009AD14C /* Info.plist */ = {isa = PBXFileReference; lastKnownFileType = text.plist.xml; path = Info.plist; sourceTree = "<group>"; };
		9ED6B17F26B7DAAB009AD14C /* SignUpView.xib */ = {isa = PBXFileReference; lastKnownFileType = file.xib; path = SignUpView.xib; sourceTree = "<group>"; };
		9ED6B18126B7DACA009AD14C /* SignUpView.swift */ = {isa = PBXFileReference; lastKnownFileType = sourcecode.swift; path = SignUpView.swift; sourceTree = "<group>"; };
		BDBB027ACD60EFBF7DB65CBE /* Pods-newProj.release.xcconfig */ = {isa = PBXFileReference; includeInIndex = 1; lastKnownFileType = text.xcconfig; name = "Pods-newProj.release.xcconfig"; path = "Target Support Files/Pods-newProj/Pods-newProj.release.xcconfig"; sourceTree = "<group>"; };
/* End PBXFileReference section */

/* Begin PBXFrameworksBuildPhase section */
		9ED6B16526B7CA7F009AD14C /* Frameworks */ = {
			isa = PBXFrameworksBuildPhase;
			buildActionMask = 2147483647;
			files = (
				25044C9FDEDB8F5A0F5071FC /* Pods_newProj.framework in Frameworks */,
			);
			runOnlyForDeploymentPostprocessing = 0;
		};
/* End PBXFrameworksBuildPhase section */

/* Begin PBXGroup section */
		5343ECBC83C34C51A23121A2 /* Frameworks */ = {
			isa = PBXGroup;
			children = (
				8050594D1590106EE38C44DF /* Pods_newProj.framework */,
			);
			name = Frameworks;
			sourceTree = "<group>";
		};
		8DD0B348F39B6C98B869BE0E /* Pods */ = {
			isa = PBXGroup;
			children = (
				2390CAE6C55775E11249E2AC /* Pods-newProj.debug.xcconfig */,
				BDBB027ACD60EFBF7DB65CBE /* Pods-newProj.release.xcconfig */,
			);
			name = Pods;
			path = Pods;
			sourceTree = "<group>";
		};
		9ED6B15F26B7CA7F009AD14C = {
			isa = PBXGroup;
			children = (
				9ED6B16A26B7CA7F009AD14C /* newProj */,
				9ED6B16926B7CA7F009AD14C /* Products */,
				8DD0B348F39B6C98B869BE0E /* Pods */,
				5343ECBC83C34C51A23121A2 /* Frameworks */,
			);
			sourceTree = "<group>";
		};
		9ED6B16926B7CA7F009AD14C /* Products */ = {
			isa = PBXGroup;
			children = (
				9ED6B16826B7CA7F009AD14C /* newProj.app */,
			);
			name = Products;
			sourceTree = "<group>";
		};
		9ED6B16A26B7CA7F009AD14C /* newProj */ = {
			isa = PBXGroup;
			children = (
				9ED6B16B26B7CA7F009AD14C /* AppDelegate.swift */,
				9ED6B16D26B7CA7F009AD14C /* SceneDelegate.swift */,
				9ED6B16F26B7CA7F009AD14C /* ViewController.swift */,
				9ED6B17126B7CA7F009AD14C /* Main.storyboard */,
				9ED6B17426B7CA81009AD14C /* Assets.xcassets */,
				9ED6B17626B7CA81009AD14C /* LaunchScreen.storyboard */,
				9ED6B17926B7CA81009AD14C /* Info.plist */,
				9E2D007126BAD0E4000D3781 /* GoogleService-Info.plist */,
				9ED6B17F26B7DAAB009AD14C /* SignUpView.xib */,
				9ED6B18126B7DACA009AD14C /* SignUpView.swift */,
			);
			path = newProj;
			sourceTree = "<group>";
		};
/* End PBXGroup section */

/* Begin PBXNativeTarget section */
		9ED6B16726B7CA7F009AD14C /* newProj */ = {
			isa = PBXNativeTarget;
			buildConfigurationList = 9ED6B17C26B7CA81009AD14C /* Build configuration list for PBXNativeTarget "newProj" */;
			buildPhases = (
				A8ED788FA95363F42525E571 /* [CP] Check Pods Manifest.lock */,
				9ED6B16426B7CA7F009AD14C /* Sources */,
				9ED6B16526B7CA7F009AD14C /* Frameworks */,
				9ED6B16626B7CA7F009AD14C /* Resources */,
				78846FC7B80394C1D6C175FB /* [CP] Embed Pods Frameworks */,
			);
			buildRules = (
			);
			dependencies = (
			);
			name = newProj;
			productName = newProj;
			productReference = 9ED6B16826B7CA7F009AD14C /* newProj.app */;
			productType = "com.apple.product-type.application";
		};
/* End PBXNativeTarget section */

/* Begin PBXProject section */
		9ED6B16026B7CA7F009AD14C /* Project object */ = {
			isa = PBXProject;
			attributes = {
				LastSwiftUpdateCheck = 1170;
				LastUpgradeCheck = 1170;
				ORGANIZATIONNAME = "daffolapmac-179";
				TargetAttributes = {
					9ED6B16726B7CA7F009AD14C = {
						CreatedOnToolsVersion = 11.7;
					};
				};
			};
			buildConfigurationList = 9ED6B16326B7CA7F009AD14C /* Build configuration list for PBXProject "newProj" */;
			compatibilityVersion = "Xcode 9.3";
			developmentRegion = en;
			hasScannedForEncodings = 0;
			knownRegions = (
				en,
				Base,
			);
			mainGroup = 9ED6B15F26B7CA7F009AD14C;
			productRefGroup = 9ED6B16926B7CA7F009AD14C /* Products */;
			projectDirPath = "";
			projectRoot = "";
			targets = (
				9ED6B16726B7CA7F009AD14C /* newProj */,
			);
		};
/* End PBXProject section */

/* Begin PBXResourcesBuildPhase section */
		9ED6B16626B7CA7F009AD14C /* Resources */ = {
			isa = PBXResourcesBuildPhase;
			buildActionMask = 2147483647;
			files = (
				9ED6B17826B7CA81009AD14C /* LaunchScreen.storyboard in Resources */,
				9ED6B17526B7CA81009AD14C /* Assets.xcassets in Resources */,
				9E2D007226BAD0E4000D3781 /* GoogleService-Info.plist in Resources */,
				9ED6B18026B7DAAB009AD14C /* SignUpView.xib in Resources */,
				9ED6B17326B7CA7F009AD14C /* Main.storyboard in Resources */,
			);
			runOnlyForDeploymentPostprocessing = 0;
		};
/* End PBXResourcesBuildPhase section */

/* Begin PBXShellScriptBuildPhase section */
		78846FC7B80394C1D6C175FB /* [CP] Embed Pods Frameworks */ = {
			isa = PBXShellScriptBuildPhase;
			buildActionMask = 2147483647;
			files = (
			);
			inputFileListPaths = (
				"${PODS_ROOT}/Target Support Files/Pods-newProj/Pods-newProj-frameworks-${CONFIGURATION}-input-files.xcfilelist",
			);
			name = "[CP] Embed Pods Frameworks";
			outputFileListPaths = (
				"${PODS_ROOT}/Target Support Files/Pods-newProj/Pods-newProj-frameworks-${CONFIGURATION}-output-files.xcfilelist",
			);
			runOnlyForDeploymentPostprocessing = 0;
			shellPath = /bin/sh;
			shellScript = "\"${PODS_ROOT}/Target Support Files/Pods-newProj/Pods-newProj-frameworks.sh\"\n";
			showEnvVarsInLog = 0;
		};
		A8ED788FA95363F42525E571 /* [CP] Check Pods Manifest.lock */ = {
			isa = PBXShellScriptBuildPhase;
			buildActionMask = 2147483647;
			files = (
			);
			inputFileListPaths = (
			);
			inputPaths = (
				"${PODS_PODFILE_DIR_PATH}/Podfile.lock",
				"${PODS_ROOT}/Manifest.lock",
			);
			name = "[CP] Check Pods Manifest.lock";
			outputFileListPaths = (
			);
			outputPaths = (
				"$(DERIVED_FILE_DIR)/Pods-newProj-checkManifestLockResult.txt",
			);
			runOnlyForDeploymentPostprocessing = 0;
			shellPath = /bin/sh;
			shellScript = "diff \"${PODS_PODFILE_DIR_PATH}/Podfile.lock\" \"${PODS_ROOT}/Manifest.lock\" > /dev/null\nif [ $? != 0 ] ; then\n    # print error to STDERR\n    echo \"error: The sandbox is not in sync with the Podfile.lock. Run 'pod install' or update your CocoaPods installation.\" >&2\n    exit 1\nfi\n# This output is used by Xcode 'outputs' to avoid re-running this script phase.\necho \"SUCCESS\" > \"${SCRIPT_OUTPUT_FILE_0}\"\n";
			showEnvVarsInLog = 0;
		};
/* End PBXShellScriptBuildPhase section */

/* Begin PBXSourcesBuildPhase section */
		9ED6B16426B7CA7F009AD14C /* Sources */ = {
			isa = PBXSourcesBuildPhase;
			buildActionMask = 2147483647;
			files = (
				9ED6B17026B7CA7F009AD14C /* ViewController.swift in Sources */,
				9ED6B18226B7DACA009AD14C /* SignUpView.swift in Sources */,
				9ED6B16C26B7CA7F009AD14C /* AppDelegate.swift in Sources */,
				9ED6B16E26B7CA7F009AD14C /* SceneDelegate.swift in Sources */,
			);
			runOnlyForDeploymentPostprocessing = 0;
		};
/* End PBXSourcesBuildPhase section */

/* Begin PBXVariantGroup section */
		9ED6B17126B7CA7F009AD14C /* Main.storyboard */ = {
			isa = PBXVariantGroup;
			children = (
				9ED6B17226B7CA7F009AD14C /* Base */,
			);
			name = Main.storyboard;
			sourceTree = "<group>";
		};
		9ED6B17626B7CA81009AD14C /* LaunchScreen.storyboard */ = {
			isa = PBXVariantGroup;
			children = (
				9ED6B17726B7CA81009AD14C /* Base */,
			);
			name = LaunchScreen.storyboard;
			sourceTree = "<group>";
		};
/* End PBXVariantGroup section */

/* Begin XCBuildConfiguration section */
		9ED6B17A26B7CA81009AD14C /* Debug */ = {
			isa = XCBuildConfiguration;
			buildSettings = {
				ALWAYS_SEARCH_USER_PATHS = NO;
				CLANG_ANALYZER_NONNULL = YES;
				CLANG_ANALYZER_NUMBER_OBJECT_CONVERSION = YES_AGGRESSIVE;
				CLANG_CXX_LANGUAGE_STANDARD = "gnu++14";
				CLANG_CXX_LIBRARY = "libc++";
				CLANG_ENABLE_MODULES = YES;
				CLANG_ENABLE_OBJC_ARC = YES;
				CLANG_ENABLE_OBJC_WEAK = YES;
				CLANG_WARN_BLOCK_CAPTURE_AUTORELEASING = YES;
				CLANG_WARN_BOOL_CONVERSION = YES;
				CLANG_WARN_COMMA = YES;
				CLANG_WARN_CONSTANT_CONVERSION = YES;
				CLANG_WARN_DEPRECATED_OBJC_IMPLEMENTATIONS = YES;
				CLANG_WARN_DIRECT_OBJC_ISA_USAGE = YES_ERROR;
				CLANG_WARN_DOCUMENTATION_COMMENTS = YES;
				CLANG_WARN_EMPTY_BODY = YES;
				CLANG_WARN_ENUM_CONVERSION = YES;
				CLANG_WARN_INFINITE_RECURSION = YES;
				CLANG_WARN_INT_CONVERSION = YES;
				CLANG_WARN_NON_LITERAL_NULL_CONVERSION = YES;
				CLANG_WARN_OBJC_IMPLICIT_RETAIN_SELF = YES;
				CLANG_WARN_OBJC_LITERAL_CONVERSION = YES;
				CLANG_WARN_OBJC_ROOT_CLASS = YES_ERROR;
				CLANG_WARN_RANGE_LOOP_ANALYSIS = YES;
				CLANG_WARN_STRICT_PROTOTYPES = YES;
				CLANG_WARN_SUSPICIOUS_MOVE = YES;
				CLANG_WARN_UNGUARDED_AVAILABILITY = YES_AGGRESSIVE;
				CLANG_WARN_UNREACHABLE_CODE = YES;
				CLANG_WARN__DUPLICATE_METHOD_MATCH = YES;
				COPY_PHASE_STRIP = NO;
				DEBUG_INFORMATION_FORMAT = dwarf;
				ENABLE_STRICT_OBJC_MSGSEND = YES;
				ENABLE_TESTABILITY = YES;
				GCC_C_LANGUAGE_STANDARD = gnu11;
				GCC_DYNAMIC_NO_PIC = NO;
				GCC_NO_COMMON_BLOCKS = YES;
				GCC_OPTIMIZATION_LEVEL = 0;
				GCC_PREPROCESSOR_DEFINITIONS = (
					"DEBUG=1",
					"$(inherited)",
				);
				GCC_WARN_64_TO_32_BIT_CONVERSION = YES;
				GCC_WARN_ABOUT_RETURN_TYPE = YES_ERROR;
				GCC_WARN_UNDECLARED_SELECTOR = YES;
				GCC_WARN_UNINITIALIZED_AUTOS = YES_AGGRESSIVE;
				GCC_WARN_UNUSED_FUNCTION = YES;
				GCC_WARN_UNUSED_VARIABLE = YES;
				IPHONEOS_DEPLOYMENT_TARGET = 13.7;
				MTL_ENABLE_DEBUG_INFO = INCLUDE_SOURCE;
				MTL_FAST_MATH = YES;
				ONLY_ACTIVE_ARCH = YES;
				SDKROOT = iphoneos;
				SWIFT_ACTIVE_COMPILATION_CONDITIONS = DEBUG;
				SWIFT_OPTIMIZATION_LEVEL = "-Onone";
			};
			name = Debug;
		};
		9ED6B17B26B7CA81009AD14C /* Release */ = {
			isa = XCBuildConfiguration;
			buildSettings = {
				ALWAYS_SEARCH_USER_PATHS = NO;
				CLANG_ANALYZER_NONNULL = YES;
				CLANG_ANALYZER_NUMBER_OBJECT_CONVERSION = YES_AGGRESSIVE;
				CLANG_CXX_LANGUAGE_STANDARD = "gnu++14";
				CLANG_CXX_LIBRARY = "libc++";
				CLANG_ENABLE_MODULES = YES;
				CLANG_ENABLE_OBJC_ARC = YES;
				CLANG_ENABLE_OBJC_WEAK = YES;
				CLANG_WARN_BLOCK_CAPTURE_AUTORELEASING = YES;
				CLANG_WARN_BOOL_CONVERSION = YES;
				CLANG_WARN_COMMA = YES;
				CLANG_WARN_CONSTANT_CONVERSION = YES;
				CLANG_WARN_DEPRECATED_OBJC_IMPLEMENTATIONS = YES;
				CLANG_WARN_DIRECT_OBJC_ISA_USAGE = YES_ERROR;
				CLANG_WARN_DOCUMENTATION_COMMENTS = YES;
				CLANG_WARN_EMPTY_BODY = YES;
				CLANG_WARN_ENUM_CONVERSION = YES;
				CLANG_WARN_INFINITE_RECURSION = YES;
				CLANG_WARN_INT_CONVERSION = YES;
				CLANG_WARN_NON_LITERAL_NULL_CONVERSION = YES;
				CLANG_WARN_OBJC_IMPLICIT_RETAIN_SELF = YES;
				CLANG_WARN_OBJC_LITERAL_CONVERSION = YES;
				CLANG_WARN_OBJC_ROOT_CLASS = YES_ERROR;
				CLANG_WARN_RANGE_LOOP_ANALYSIS = YES;
				CLANG_WARN_STRICT_PROTOTYPES = YES;
				CLANG_WARN_SUSPICIOUS_MOVE = YES;
				CLANG_WARN_UNGUARDED_AVAILABILITY = YES_AGGRESSIVE;
				CLANG_WARN_UNREACHABLE_CODE = YES;
				CLANG_WARN__DUPLICATE_METHOD_MATCH = YES;
				COPY_PHASE_STRIP = NO;
				DEBUG_INFORMATION_FORMAT = "dwarf-with-dsym";
				ENABLE_NS_ASSERTIONS = NO;
				ENABLE_STRICT_OBJC_MSGSEND = YES;
				GCC_C_LANGUAGE_STANDARD = gnu11;
				GCC_NO_COMMON_BLOCKS = YES;
				GCC_WARN_64_TO_32_BIT_CONVERSION = YES;
				GCC_WARN_ABOUT_RETURN_TYPE = YES_ERROR;
				GCC_WARN_UNDECLARED_SELECTOR = YES;
				GCC_WARN_UNINITIALIZED_AUTOS = YES_AGGRESSIVE;
				GCC_WARN_UNUSED_FUNCTION = YES;
				GCC_WARN_UNUSED_VARIABLE = YES;
				IPHONEOS_DEPLOYMENT_TARGET = 13.7;
				MTL_ENABLE_DEBUG_INFO = NO;
				MTL_FAST_MATH = YES;
				SDKROOT = iphoneos;
				SWIFT_COMPILATION_MODE = wholemodule;
				SWIFT_OPTIMIZATION_LEVEL = "-O";
				VALIDATE_PRODUCT = YES;
			};
			name = Release;
		};
		9ED6B17D26B7CA81009AD14C /* Debug */ = {
			isa = XCBuildConfiguration;
			baseConfigurationReference = 2390CAE6C55775E11249E2AC /* Pods-newProj.debug.xcconfig */;
			buildSettings = {
				ASSETCATALOG_COMPILER_APPICON_NAME = AppIcon;
				CODE_SIGN_STYLE = Automatic;
				DEVELOPMENT_TEAM = 7MAL3S5A98;
				INFOPLIST_FILE = newProj/Info.plist;
				LD_RUNPATH_SEARCH_PATHS = (
					"$(inherited)",
					"@executable_path/Frameworks",
				);
				PRODUCT_BUNDLE_IDENTIFIER = com.demo.newProj;
				PRODUCT_NAME = "$(TARGET_NAME)";
				SWIFT_VERSION = 5.0;
				TARGETED_DEVICE_FAMILY = "1,2";
			};
			name = Debug;
		};
		9ED6B17E26B7CA81009AD14C /* Release */ = {
			isa = XCBuildConfiguration;
			baseConfigurationReference = BDBB027ACD60EFBF7DB65CBE /* Pods-newProj.release.xcconfig */;
			buildSettings = {
				ASSETCATALOG_COMPILER_APPICON_NAME = AppIcon;
				CODE_SIGN_STYLE = Automatic;
				DEVELOPMENT_TEAM = 7MAL3S5A98;
				INFOPLIST_FILE = newProj/Info.plist;
				LD_RUNPATH_SEARCH_PATHS = (
					"$(inherited)",
					"@executable_path/Frameworks",
				);
				PRODUCT_BUNDLE_IDENTIFIER = com.demo.newProj;
				PRODUCT_NAME = "$(TARGET_NAME)";
				SWIFT_VERSION = 5.0;
				TARGETED_DEVICE_FAMILY = "1,2";
			};
			name = Release;
		};
/* End XCBuildConfiguration section */

/* Begin XCConfigurationList section */
		9ED6B16326B7CA7F009AD14C /* Build configuration list for PBXProject "newProj" */ = {
			isa = XCConfigurationList;
			buildConfigurations = (
				9ED6B17A26B7CA81009AD14C /* Debug */,
				9ED6B17B26B7CA81009AD14C /* Release */,
			);
			defaultConfigurationIsVisible = 0;
			defaultConfigurationName = Release;
		};
		9ED6B17C26B7CA81009AD14C /* Build configuration list for PBXNativeTarget "newProj" */ = {
			isa = XCConfigurationList;
			buildConfigurations = (
				9ED6B17D26B7CA81009AD14C /* Debug */,
				9ED6B17E26B7CA81009AD14C /* Release */,
			);
			defaultConfigurationIsVisible = 0;
			defaultConfigurationName = Release;
		};
/* End XCConfigurationList section */
	};
	rootObject = 9ED6B16026B7CA7F009AD14C /* Project object */;
}
